
Microsoft Visual Studio Solution File, Format Version 12.00
# Visual Studio Version 16
VisualStudioVersion = 16.0.30225.117
MinimumVisualStudioVersion = 10.0.40219.1
Project("{FAE04EC0-301F-11D3-BF4B-00C04F79EFBC}") = "Calculator", "Calculator\Calculator.csproj", "{A75A3136-BB0E-4811-A56D-7B249FF4466C}"
EndProject
Global
	GlobalSection(SolutionConfigurationPlatforms) = preSolution
		Debug|Any CPU = Debug|Any CPU
		Release|Any CPU = Release|Any CPU
	EndGlobalSection
	GlobalSection(ProjectConfigurationPlatforms) = postSolution
		{A75A3136-BB0E-4811-A56D-7B249FF4466C}.Debug|Any CPU.ActiveCfg = Debug|Any CPU
		{A75A3136-BB0E-4811-A56D-7B249FF4466C}.Debug|Any CPU.Build.0 = Debug|Any CPU
		{A75A3136-BB0E-4811-A56D-7B249FF4466C}.Release|Any CPU.ActiveCfg = Release|Any CPU
		{A75A3136-BB0E-4811-A56D-7B249FF4466C}.Release|Any CPU.Build.0 = Release|Any CPU
	EndGlobalSection
	GlobalSection(SolutionProperties) = preSolution
		HideSolutionNode = FALSE
	EndGlobalSection
	GlobalSection(ExtensibilityGlobals) = postSolution
		SolutionGuid = {76B862C5-56F8-4414-BAEA-C9138A78627F}
	EndGlobalSection
EndGlobal
